// !$*UTF8*$!
{
	archiveVersion = 1;
	classes = {
	};
	objectVersion = 77;
	objects = {

/* Begin PBXBuildFile section */
		9C71A3A12CAEE3BE00247291 /* LoggerKit in Frameworks */ = {isa = PBXBuildFile; productRef = 9C71A3A02CAEE3BE00247291 /* LoggerKit */; };
		9C71A3A32CAEE3BE00247291 /* Network in Frameworks */ = {isa = PBXBuildFile; productRef = 9C71A3A22CAEE3BE00247291 /* Network */; };
		9C71A3A52CAEE3BE00247291 /* NetworkInterface in Frameworks */ = {isa = PBXBuildFile; productRef = 9C71A3A42CAEE3BE00247291 /* NetworkInterface */; };
		9C71A3A72CAF011400247291 /* ToolKit in Frameworks */ = {isa = PBXBuildFile; productRef = 9C71A3A62CAF011400247291 /* ToolKit */; };
		9C71A3AB2CB0074800247291 /* MVVMKit in Frameworks */ = {isa = PBXBuildFile; productRef = 9C71A3AA2CB0074800247291 /* MVVMKit */; };
		9C71A3B22CB011D100247291 /* EventList in Frameworks */ = {isa = PBXBuildFile; productRef = 9C71A3B12CB011D100247291 /* EventList */; };
		9C71A3B72CB33E8600247291 /* Data in Frameworks */ = {isa = PBXBuildFile; productRef = 9C71A3B62CB33E8600247291 /* Data */; };
		9C71A3BC2CB3FF3000247291 /* EventDetail in Frameworks */ = {isa = PBXBuildFile; productRef = 9C71A3BB2CB3FF3000247291 /* EventDetail */; };
		9C71A3C22CB4423C00247291 /* Basket in Frameworks */ = {isa = PBXBuildFile; productRef = 9C71A3C12CB4423C00247291 /* Basket */; };
/* End PBXBuildFile section */

/* Begin PBXContainerItemProxy section */
		9C71A36F2CAED30E00247291 /* PBXContainerItemProxy */ = {
			isa = PBXContainerItemProxy;
			containerPortal = 9C71A3502CAED30B00247291 /* Project object */;
			proxyType = 1;
			remoteGlobalIDString = 9C71A3572CAED30B00247291;
			remoteInfo = BetBetter;
		};
		9C71A3792CAED30E00247291 /* PBXContainerItemProxy */ = {
			isa = PBXContainerItemProxy;
			containerPortal = 9C71A3502CAED30B00247291 /* Project object */;
			proxyType = 1;
			remoteGlobalIDString = 9C71A3572CAED30B00247291;
			remoteInfo = BetBetter;
		};
/* End PBXContainerItemProxy section */

/* Begin PBXFileReference section */
		9C71A3582CAED30B00247291 /* BetBetter.app */ = {isa = PBXFileReference; explicitFileType = wrapper.application; includeInIndex = 0; path = BetBetter.app; sourceTree = BUILT_PRODUCTS_DIR; };
		9C71A36E2CAED30E00247291 /* BetBetterTests.xctest */ = {isa = PBXFileReference; explicitFileType = wrapper.cfbundle; includeInIndex = 0; path = BetBetterTests.xctest; sourceTree = BUILT_PRODUCTS_DIR; };
		9C71A3782CAED30E00247291 /* BetBetterUITests.xctest */ = {isa = PBXFileReference; explicitFileType = wrapper.cfbundle; includeInIndex = 0; path = BetBetterUITests.xctest; sourceTree = BUILT_PRODUCTS_DIR; };
/* End PBXFileReference section */

/* Begin PBXFileSystemSynchronizedBuildFileExceptionSet section */
		9C71A3992CAEDB9C00247291 /* Exceptions for "BetBetter" folder in "BetBetter" target */ = {
			isa = PBXFileSystemSynchronizedBuildFileExceptionSet;
			membershipExceptions = (
				DataLayer/Data,
				DataLayer/Network,
				Features/EventList,
				Foundation/LoggerKit,
				Foundation/MVVMKit,
				Foundation/ToolKit,
				Info.plist,
			);
			target = 9C71A3572CAED30B00247291 /* BetBetter */;
		};
/* End PBXFileSystemSynchronizedBuildFileExceptionSet section */

/* Begin PBXFileSystemSynchronizedRootGroup section */
		9C71A35A2CAED30B00247291 /* BetBetter */ = {
			isa = PBXFileSystemSynchronizedRootGroup;
			exceptions = (
				9C71A3992CAEDB9C00247291 /* Exceptions for "BetBetter" folder in "BetBetter" target */,
			);
			path = BetBetter;
			sourceTree = "<group>";
		};
/* End PBXFileSystemSynchronizedRootGroup section */

/* Begin PBXFrameworksBuildPhase section */
		9C71A3552CAED30B00247291 /* Frameworks */ = {
			isa = PBXFrameworksBuildPhase;
			buildActionMask = 2147483647;
			files = (
				9C71A3BC2CB3FF3000247291 /* EventDetail in Frameworks */,
				9C71A3A12CAEE3BE00247291 /* LoggerKit in Frameworks */,
				9C71A3A72CAF011400247291 /* ToolKit in Frameworks */,
				9C71A3AB2CB0074800247291 /* MVVMKit in Frameworks */,
				9C71A3C22CB4423C00247291 /* Basket in Frameworks */,
				9C71A3B22CB011D100247291 /* EventList in Frameworks */,
				9C71A3A32CAEE3BE00247291 /* Network in Frameworks */,
				9C71A3A52CAEE3BE00247291 /* NetworkInterface in Frameworks */,
				9C71A3B72CB33E8600247291 /* Data in Frameworks */,
			);
			runOnlyForDeploymentPostprocessing = 0;
		};
		9C71A36B2CAED30E00247291 /* Frameworks */ = {
			isa = PBXFrameworksBuildPhase;
			buildActionMask = 2147483647;
			files = (
			);
			runOnlyForDeploymentPostprocessing = 0;
		};
		9C71A3752CAED30E00247291 /* Frameworks */ = {
			isa = PBXFrameworksBuildPhase;
			buildActionMask = 2147483647;
			files = (
			);
			runOnlyForDeploymentPostprocessing = 0;
		};
/* End PBXFrameworksBuildPhase section */

/* Begin PBXGroup section */
		9C71A34F2CAED30B00247291 = {
			isa = PBXGroup;
			children = (
				9C71A35A2CAED30B00247291 /* BetBetter */,
				9C71A39F2CAEE3BE00247291 /* Frameworks */,
				9C71A3592CAED30B00247291 /* Products */,
			);
			sourceTree = "<group>";
		};
		9C71A3592CAED30B00247291 /* Products */ = {
			isa = PBXGroup;
			children = (
				9C71A3582CAED30B00247291 /* BetBetter.app */,
				9C71A36E2CAED30E00247291 /* BetBetterTests.xctest */,
				9C71A3782CAED30E00247291 /* BetBetterUITests.xctest */,
			);
			name = Products;
			sourceTree = "<group>";
		};
		9C71A39F2CAEE3BE00247291 /* Frameworks */ = {
			isa = PBXGroup;
			children = (
			);
			name = Frameworks;
			sourceTree = "<group>";
		};
/* End PBXGroup section */

/* Begin PBXNativeTarget section */
		9C71A3572CAED30B00247291 /* BetBetter */ = {
			isa = PBXNativeTarget;
			buildConfigurationList = 9C71A3812CAED30E00247291 /* Build configuration list for PBXNativeTarget "BetBetter" */;
			buildPhases = (
				9C71A3542CAED30B00247291 /* Sources */,
				9C71A3552CAED30B00247291 /* Frameworks */,
				9C71A3562CAED30B00247291 /* Resources */,
			);
			buildRules = (
			);
			dependencies = (
			);
			fileSystemSynchronizedGroups = (
				9C71A35A2CAED30B00247291 /* BetBetter */,
			);
			name = BetBetter;
			packageProductDependencies = (
				9C71A3A02CAEE3BE00247291 /* LoggerKit */,
				9C71A3A22CAEE3BE00247291 /* Network */,
				9C71A3A42CAEE3BE00247291 /* NetworkInterface */,
				9C71A3A62CAF011400247291 /* ToolKit */,
				9C71A3AA2CB0074800247291 /* MVVMKit */,
				9C71A3B12CB011D100247291 /* EventList */,
				9C71A3B62CB33E8600247291 /* Data */,
				9C71A3BB2CB3FF3000247291 /* EventDetail */,
				9C71A3C12CB4423C00247291 /* Basket */,
			);
			productName = BetBetter;
			productReference = 9C71A3582CAED30B00247291 /* BetBetter.app */;
			productType = "com.apple.product-type.application";
		};
		9C71A36D2CAED30E00247291 /* BetBetterTests */ = {
			isa = PBXNativeTarget;
			buildConfigurationList = 9C71A3862CAED30E00247291 /* Build configuration list for PBXNativeTarget "BetBetterTests" */;
			buildPhases = (
				9C71A36A2CAED30E00247291 /* Sources */,
				9C71A36B2CAED30E00247291 /* Frameworks */,
				9C71A36C2CAED30E00247291 /* Resources */,
			);
			buildRules = (
			);
			dependencies = (
				9C71A3702CAED30E00247291 /* PBXTargetDependency */,
			);
			name = BetBetterTests;
			packageProductDependencies = (
			);
			productName = BetBetterTests;
			productReference = 9C71A36E2CAED30E00247291 /* BetBetterTests.xctest */;
			productType = "com.apple.product-type.bundle.unit-test";
		};
		9C71A3772CAED30E00247291 /* BetBetterUITests */ = {
			isa = PBXNativeTarget;
			buildConfigurationList = 9C71A3892CAED30E00247291 /* Build configuration list for PBXNativeTarget "BetBetterUITests" */;
			buildPhases = (
				9C71A3742CAED30E00247291 /* Sources */,
				9C71A3752CAED30E00247291 /* Frameworks */,
				9C71A3762CAED30E00247291 /* Resources */,
			);
			buildRules = (
			);
			dependencies = (
				9C71A37A2CAED30E00247291 /* PBXTargetDependency */,
			);
			name = BetBetterUITests;
			packageProductDependencies = (
			);
			productName = BetBetterUITests;
			productReference = 9C71A3782CAED30E00247291 /* BetBetterUITests.xctest */;
			productType = "com.apple.product-type.bundle.ui-testing";
		};
/* End PBXNativeTarget section */

/* Begin PBXProject section */
		9C71A3502CAED30B00247291 /* Project object */ = {
			isa = PBXProject;
			attributes = {
				BuildIndependentTargetsInParallel = 1;
				LastSwiftUpdateCheck = 1600;
				LastUpgradeCheck = 1600;
				TargetAttributes = {
					9C71A3572CAED30B00247291 = {
						CreatedOnToolsVersion = 16.0;
					};
					9C71A36D2CAED30E00247291 = {
						CreatedOnToolsVersion = 16.0;
						TestTargetID = 9C71A3572CAED30B00247291;
					};
					9C71A3772CAED30E00247291 = {
						CreatedOnToolsVersion = 16.0;
						TestTargetID = 9C71A3572CAED30B00247291;
					};
				};
			};
			buildConfigurationList = 9C71A3532CAED30B00247291 /* Build configuration list for PBXProject "BetBetter" */;
			developmentRegion = en;
			hasScannedForEncodings = 0;
			knownRegions = (
				en,
				Base,
			);
			mainGroup = 9C71A34F2CAED30B00247291;
			minimizedProjectReferenceProxies = 1;
			preferredProjectObjectVersion = 77;
			productRefGroup = 9C71A3592CAED30B00247291 /* Products */;
			projectDirPath = "";
			projectRoot = "";
			targets = (
				9C71A3572CAED30B00247291 /* BetBetter */,
				9C71A36D2CAED30E00247291 /* BetBetterTests */,
				9C71A3772CAED30E00247291 /* BetBetterUITests */,
			);
		};
/* End PBXProject section */

/* Begin PBXResourcesBuildPhase section */
		9C71A3562CAED30B00247291 /* Resources */ = {
			isa = PBXResourcesBuildPhase;
			buildActionMask = 2147483647;
			files = (
			);
			runOnlyForDeploymentPostprocessing = 0;
		};
		9C71A36C2CAED30E00247291 /* Resources */ = {
			isa = PBXResourcesBuildPhase;
			buildActionMask = 2147483647;
			files = (
			);
			runOnlyForDeploymentPostprocessing = 0;
		};
		9C71A3762CAED30E00247291 /* Resources */ = {
			isa = PBXResourcesBuildPhase;
			buildActionMask = 2147483647;
			files = (
			);
			runOnlyForDeploymentPostprocessing = 0;
		};
/* End PBXResourcesBuildPhase section */

/* Begin PBXSourcesBuildPhase section */
		9C71A3542CAED30B00247291 /* Sources */ = {
			isa = PBXSourcesBuildPhase;
			buildActionMask = 2147483647;
			files = (
			);
			runOnlyForDeploymentPostprocessing = 0;
		};
		9C71A36A2CAED30E00247291 /* Sources */ = {
			isa = PBXSourcesBuildPhase;
			buildActionMask = 2147483647;
			files = (
			);
			runOnlyForDeploymentPostprocessing = 0;
		};
		9C71A3742CAED30E00247291 /* Sources */ = {
			isa = PBXSourcesBuildPhase;
			buildActionMask = 2147483647;
			files = (
			);
			runOnlyForDeploymentPostprocessing = 0;
		};
/* End PBXSourcesBuildPhase section */

/* Begin PBXTargetDependency section */
		9C71A3702CAED30E00247291 /* PBXTargetDependency */ = {
			isa = PBXTargetDependency;
			target = 9C71A3572CAED30B00247291 /* BetBetter */;
			targetProxy = 9C71A36F2CAED30E00247291 /* PBXContainerItemProxy */;
		};
		9C71A37A2CAED30E00247291 /* PBXTargetDependency */ = {
			isa = PBXTargetDependency;
			target = 9C71A3572CAED30B00247291 /* BetBetter */;
			targetProxy = 9C71A3792CAED30E00247291 /* PBXContainerItemProxy */;
		};
/* End PBXTargetDependency section */

/* Begin XCBuildConfiguration section */
		9C71A3822CAED30E00247291 /* Debug */ = {
			isa = XCBuildConfiguration;
			buildSettings = {
				ASSETCATALOG_COMPILER_APPICON_NAME = AppIcon;
				ASSETCATALOG_COMPILER_GLOBAL_ACCENT_COLOR_NAME = AccentColor;
				CODE_SIGN_STYLE = Automatic;
				CURRENT_PROJECT_VERSION = 1;
				DEVELOPMENT_ASSET_PATHS = "";
				DEVELOPMENT_TEAM = 485DM6B77Q;
				GENERATE_INFOPLIST_FILE = YES;
				INFOPLIST_FILE = BetBetter/Info.plist;
				INFOPLIST_KEY_UIApplicationSupportsIndirectInputEvents = YES;
				INFOPLIST_KEY_UILaunchStoryboardName = LaunchScreen;
				INFOPLIST_KEY_UISupportedInterfaceOrientations_iPad = "UIInterfaceOrientationPortrait UIInterfaceOrientationPortraitUpsideDown UIInterfaceOrientationLandscapeLeft UIInterfaceOrientationLandscapeRight";
				INFOPLIST_KEY_UISupportedInterfaceOrientations_iPhone = "UIInterfaceOrientationPortrait UIInterfaceOrientationLandscapeLeft UIInterfaceOrientationLandscapeRight";
				IPHONEOS_DEPLOYMENT_TARGET = 15.6;
				LD_RUNPATH_SEARCH_PATHS = (
					"$(inherited)",
					"@executable_path/Frameworks",
				);
				MARKETING_VERSION = 1.0;
				PRODUCT_BUNDLE_IDENTIFIER = com.bilal.BetBetter;
				PRODUCT_NAME = "$(TARGET_NAME)";
				SWIFT_EMIT_LOC_STRINGS = YES;
				SWIFT_VERSION = 5.0;
				TARGETED_DEVICE_FAMILY = "1,2";
			};
			name = Debug;
		};
		9C71A3832CAED30E00247291 /* Release */ = {
			isa = XCBuildConfiguration;
			buildSettings = {
				ASSETCATALOG_COMPILER_APPICON_NAME = AppIcon;
				ASSETCATALOG_COMPILER_GLOBAL_ACCENT_COLOR_NAME = AccentColor;
				CODE_SIGN_STYLE = Automatic;
				CURRENT_PROJECT_VERSION = 1;
				DEVELOPMENT_ASSET_PATHS = "";
				DEVELOPMENT_TEAM = 485DM6B77Q;
				GENERATE_INFOPLIST_FILE = YES;
				INFOPLIST_FILE = BetBetter/Info.plist;
				INFOPLIST_KEY_UIApplicationSupportsIndirectInputEvents = YES;
				INFOPLIST_KEY_UILaunchStoryboardName = LaunchScreen;
				INFOPLIST_KEY_UISupportedInterfaceOrientations_iPad = "UIInterfaceOrientationPortrait UIInterfaceOrientationPortraitUpsideDown UIInterfaceOrientationLandscapeLeft UIInterfaceOrientationLandscapeRight";
				INFOPLIST_KEY_UISupportedInterfaceOrientations_iPhone = "UIInterfaceOrientationPortrait UIInterfaceOrientationLandscapeLeft UIInterfaceOrientationLandscapeRight";
				IPHONEOS_DEPLOYMENT_TARGET = 15.6;
				LD_RUNPATH_SEARCH_PATHS = (
					"$(inherited)",
					"@executable_path/Frameworks",
				);
				MARKETING_VERSION = 1.0;
				PRODUCT_BUNDLE_IDENTIFIER = com.bilal.BetBetter;
				PRODUCT_NAME = "$(TARGET_NAME)";
				SWIFT_EMIT_LOC_STRINGS = YES;
				SWIFT_VERSION = 5.0;
				TARGETED_DEVICE_FAMILY = "1,2";
			};
			name = Release;
		};
		9C71A3842CAED30E00247291 /* Debug */ = {
			isa = XCBuildConfiguration;
			buildSettings = {
				ALWAYS_SEARCH_USER_PATHS = NO;
				ASSETCATALOG_COMPILER_GENERATE_SWIFT_ASSET_SYMBOL_EXTENSIONS = YES;
				CLANG_ANALYZER_NONNULL = YES;
				CLANG_ANALYZER_NUMBER_OBJECT_CONVERSION = YES_AGGRESSIVE;
				CLANG_CXX_LANGUAGE_STANDARD = "gnu++20";
				CLANG_ENABLE_MODULES = YES;
				CLANG_ENABLE_OBJC_ARC = YES;
				CLANG_ENABLE_OBJC_WEAK = YES;
				CLANG_WARN_BLOCK_CAPTURE_AUTORELEASING = YES;
				CLANG_WARN_BOOL_CONVERSION = YES;
				CLANG_WARN_COMMA = YES;
				CLANG_WARN_CONSTANT_CONVERSION = YES;
				CLANG_WARN_DEPRECATED_OBJC_IMPLEMENTATIONS = YES;
				CLANG_WARN_DIRECT_OBJC_ISA_USAGE = YES_ERROR;
				CLANG_WARN_DOCUMENTATION_COMMENTS = YES;
				CLANG_WARN_EMPTY_BODY = YES;
				CLANG_WARN_ENUM_CONVERSION = YES;
				CLANG_WARN_INFINITE_RECURSION = YES;
				CLANG_WARN_INT_CONVERSION = YES;
				CLANG_WARN_NON_LITERAL_NULL_CONVERSION = YES;
				CLANG_WARN_OBJC_IMPLICIT_RETAIN_SELF = YES;
				CLANG_WARN_OBJC_LITERAL_CONVERSION = YES;
				CLANG_WARN_OBJC_ROOT_CLASS = YES_ERROR;
				CLANG_WARN_QUOTED_INCLUDE_IN_FRAMEWORK_HEADER = YES;
				CLANG_WARN_RANGE_LOOP_ANALYSIS = YES;
				CLANG_WARN_STRICT_PROTOTYPES = YES;
				CLANG_WARN_SUSPICIOUS_MOVE = YES;
				CLANG_WARN_UNGUARDED_AVAILABILITY = YES_AGGRESSIVE;
				CLANG_WARN_UNREACHABLE_CODE = YES;
				CLANG_WARN__DUPLICATE_METHOD_MATCH = YES;
				COPY_PHASE_STRIP = NO;
				DEBUG_INFORMATION_FORMAT = dwarf;
				ENABLE_STRICT_OBJC_MSGSEND = YES;
				ENABLE_TESTABILITY = YES;
				ENABLE_USER_SCRIPT_SANDBOXING = YES;
				GCC_C_LANGUAGE_STANDARD = gnu17;
				GCC_DYNAMIC_NO_PIC = NO;
				GCC_NO_COMMON_BLOCKS = YES;
				GCC_OPTIMIZATION_LEVEL = 0;
				GCC_PREPROCESSOR_DEFINITIONS = (
					"DEBUG=1",
					"$(inherited)",
				);
				GCC_WARN_64_TO_32_BIT_CONVERSION = YES;
				GCC_WARN_ABOUT_RETURN_TYPE = YES_ERROR;
				GCC_WARN_UNDECLARED_SELECTOR = YES;
				GCC_WARN_UNINITIALIZED_AUTOS = YES_AGGRESSIVE;
				GCC_WARN_UNUSED_FUNCTION = YES;
				GCC_WARN_UNUSED_VARIABLE = YES;
				IPHONEOS_DEPLOYMENT_TARGET = 18.0;
				LOCALIZATION_PREFERS_STRING_CATALOGS = YES;
				MTL_ENABLE_DEBUG_INFO = INCLUDE_SOURCE;
				MTL_FAST_MATH = YES;
				ONLY_ACTIVE_ARCH = YES;
				SDKROOT = iphoneos;
				SWIFT_ACTIVE_COMPILATION_CONDITIONS = "DEBUG $(inherited)";
				SWIFT_OPTIMIZATION_LEVEL = "-Onone";
			};
			name = Debug;
		};
		9C71A3852CAED30E00247291 /* Release */ = {
			isa = XCBuildConfiguration;
			buildSettings = {
				ALWAYS_SEARCH_USER_PATHS = NO;
				ASSETCATALOG_COMPILER_GENERATE_SWIFT_ASSET_SYMBOL_EXTENSIONS = YES;
				CLANG_ANALYZER_NONNULL = YES;
				CLANG_ANALYZER_NUMBER_OBJECT_CONVERSION = YES_AGGRESSIVE;
				CLANG_CXX_LANGUAGE_STANDARD = "gnu++20";
				CLANG_ENABLE_MODULES = YES;
				CLANG_ENABLE_OBJC_ARC = YES;
				CLANG_ENABLE_OBJC_WEAK = YES;
				CLANG_WARN_BLOCK_CAPTURE_AUTORELEASING = YES;
				CLANG_WARN_BOOL_CONVERSION = YES;
				CLANG_WARN_COMMA = YES;
				CLANG_WARN_CONSTANT_CONVERSION = YES;
				CLANG_WARN_DEPRECATED_OBJC_IMPLEMENTATIONS = YES;
				CLANG_WARN_DIRECT_OBJC_ISA_USAGE = YES_ERROR;
				CLANG_WARN_DOCUMENTATION_COMMENTS = YES;
				CLANG_WARN_EMPTY_BODY = YES;
				CLANG_WARN_ENUM_CONVERSION = YES;
				CLANG_WARN_INFINITE_RECURSION = YES;
				CLANG_WARN_INT_CONVERSION = YES;
				CLANG_WARN_NON_LITERAL_NULL_CONVERSION = YES;
				CLANG_WARN_OBJC_IMPLICIT_RETAIN_SELF = YES;
				CLANG_WARN_OBJC_LITERAL_CONVERSION = YES;
				CLANG_WARN_OBJC_ROOT_CLASS = YES_ERROR;
				CLANG_WARN_QUOTED_INCLUDE_IN_FRAMEWORK_HEADER = YES;
				CLANG_WARN_RANGE_LOOP_ANALYSIS = YES;
				CLANG_WARN_STRICT_PROTOTYPES = YES;
				CLANG_WARN_SUSPICIOUS_MOVE = YES;
				CLANG_WARN_UNGUARDED_AVAILABILITY = YES_AGGRESSIVE;
				CLANG_WARN_UNREACHABLE_CODE = YES;
				CLANG_WARN__DUPLICATE_METHOD_MATCH = YES;
				COPY_PHASE_STRIP = NO;
				DEBUG_INFORMATION_FORMAT = "dwarf-with-dsym";
				ENABLE_NS_ASSERTIONS = NO;
				ENABLE_STRICT_OBJC_MSGSEND = YES;
				ENABLE_USER_SCRIPT_SANDBOXING = YES;
				GCC_C_LANGUAGE_STANDARD = gnu17;
				GCC_NO_COMMON_BLOCKS = YES;
				GCC_WARN_64_TO_32_BIT_CONVERSION = YES;
				GCC_WARN_ABOUT_RETURN_TYPE = YES_ERROR;
				GCC_WARN_UNDECLARED_SELECTOR = YES;
				GCC_WARN_UNINITIALIZED_AUTOS = YES_AGGRESSIVE;
				GCC_WARN_UNUSED_FUNCTION = YES;
				GCC_WARN_UNUSED_VARIABLE = YES;
				IPHONEOS_DEPLOYMENT_TARGET = 18.0;
				LOCALIZATION_PREFERS_STRING_CATALOGS = YES;
				MTL_ENABLE_DEBUG_INFO = NO;
				MTL_FAST_MATH = YES;
				SDKROOT = iphoneos;
				SWIFT_COMPILATION_MODE = wholemodule;
				VALIDATE_PRODUCT = YES;
			};
			name = Release;
		};
		9C71A3872CAED30E00247291 /* Debug */ = {
			isa = XCBuildConfiguration;
			buildSettings = {
				BUNDLE_LOADER = "$(TEST_HOST)";
				CODE_SIGN_STYLE = Automatic;
				CURRENT_PROJECT_VERSION = 1;
				DEVELOPMENT_TEAM = 485DM6B77Q;
				GENERATE_INFOPLIST_FILE = YES;
				IPHONEOS_DEPLOYMENT_TARGET = 18.0;
				MARKETING_VERSION = 1.0;
				PRODUCT_BUNDLE_IDENTIFIER = com.bilal.BetBetterTests;
				PRODUCT_NAME = "$(TARGET_NAME)";
				SWIFT_EMIT_LOC_STRINGS = NO;
				SWIFT_VERSION = 5.0;
				TARGETED_DEVICE_FAMILY = "1,2";
				TEST_HOST = "$(BUILT_PRODUCTS_DIR)/BetBetter.app/$(BUNDLE_EXECUTABLE_FOLDER_PATH)/BetBetter";
			};
			name = Debug;
		};
		9C71A3882CAED30E00247291 /* Release */ = {
			isa = XCBuildConfiguration;
			buildSettings = {
				BUNDLE_LOADER = "$(TEST_HOST)";
				CODE_SIGN_STYLE = Automatic;
				CURRENT_PROJECT_VERSION = 1;
				DEVELOPMENT_TEAM = 485DM6B77Q;
				GENERATE_INFOPLIST_FILE = YES;
				IPHONEOS_DEPLOYMENT_TARGET = 18.0;
				MARKETING_VERSION = 1.0;
				PRODUCT_BUNDLE_IDENTIFIER = com.bilal.BetBetterTests;
				PRODUCT_NAME = "$(TARGET_NAME)";
				SWIFT_EMIT_LOC_STRINGS = NO;
				SWIFT_VERSION = 5.0;
				TARGETED_DEVICE_FAMILY = "1,2";
				TEST_HOST = "$(BUILT_PRODUCTS_DIR)/BetBetter.app/$(BUNDLE_EXECUTABLE_FOLDER_PATH)/BetBetter";
			};
			name = Release;
		};
		9C71A38A2CAED30E00247291 /* Debug */ = {
			isa = XCBuildConfiguration;
			buildSettings = {
				CODE_SIGN_STYLE = Automatic;
				CURRENT_PROJECT_VERSION = 1;
				DEVELOPMENT_TEAM = 485DM6B77Q;
				GENERATE_INFOPLIST_FILE = YES;
				MARKETING_VERSION = 1.0;
				PRODUCT_BUNDLE_IDENTIFIER = com.bilal.BetBetterUITests;
				PRODUCT_NAME = "$(TARGET_NAME)";
				SWIFT_EMIT_LOC_STRINGS = NO;
				SWIFT_VERSION = 5.0;
				TARGETED_DEVICE_FAMILY = "1,2";
				TEST_TARGET_NAME = BetBetter;
			};
			name = Debug;
		};
		9C71A38B2CAED30E00247291 /* Release */ = {
			isa = XCBuildConfiguration;
			buildSettings = {
				CODE_SIGN_STYLE = Automatic;
				CURRENT_PROJECT_VERSION = 1;
				DEVELOPMENT_TEAM = 485DM6B77Q;
				GENERATE_INFOPLIST_FILE = YES;
				MARKETING_VERSION = 1.0;
				PRODUCT_BUNDLE_IDENTIFIER = com.bilal.BetBetterUITests;
				PRODUCT_NAME = "$(TARGET_NAME)";
				SWIFT_EMIT_LOC_STRINGS = NO;
				SWIFT_VERSION = 5.0;
				TARGETED_DEVICE_FAMILY = "1,2";
				TEST_TARGET_NAME = BetBetter;
			};
			name = Release;
		};
/* End XCBuildConfiguration section */

/* Begin XCConfigurationList section */
		9C71A3532CAED30B00247291 /* Build configuration list for PBXProject "BetBetter" */ = {
			isa = XCConfigurationList;
			buildConfigurations = (
				9C71A3842CAED30E00247291 /* Debug */,
				9C71A3852CAED30E00247291 /* Release */,
			);
			defaultConfigurationIsVisible = 0;
			defaultConfigurationName = Release;
		};
		9C71A3812CAED30E00247291 /* Build configuration list for PBXNativeTarget "BetBetter" */ = {
			isa = XCConfigurationList;
			buildConfigurations = (
				9C71A3822CAED30E00247291 /* Debug */,
				9C71A3832CAED30E00247291 /* Release */,
			);
			defaultConfigurationIsVisible = 0;
			defaultConfigurationName = Release;
		};
		9C71A3862CAED30E00247291 /* Build configuration list for PBXNativeTarget "BetBetterTests" */ = {
			isa = XCConfigurationList;
			buildConfigurations = (
				9C71A3872CAED30E00247291 /* Debug */,
				9C71A3882CAED30E00247291 /* Release */,
			);
			defaultConfigurationIsVisible = 0;
			defaultConfigurationName = Release;
		};
		9C71A3892CAED30E00247291 /* Build configuration list for PBXNativeTarget "BetBetterUITests" */ = {
			isa = XCConfigurationList;
			buildConfigurations = (
				9C71A38A2CAED30E00247291 /* Debug */,
				9C71A38B2CAED30E00247291 /* Release */,
			);
			defaultConfigurationIsVisible = 0;
			defaultConfigurationName = Release;
		};
/* End XCConfigurationList section */

/* Begin XCSwiftPackageProductDependency section */
		9C71A3A02CAEE3BE00247291 /* LoggerKit */ = {
			isa = XCSwiftPackageProductDependency;
			productName = LoggerKit;
		};
		9C71A3A22CAEE3BE00247291 /* Network */ = {
			isa = XCSwiftPackageProductDependency;
			productName = Network;
		};
		9C71A3A42CAEE3BE00247291 /* NetworkInterface */ = {
			isa = XCSwiftPackageProductDependency;
			productName = NetworkInterface;
		};
		9C71A3A62CAF011400247291 /* ToolKit */ = {
			isa = XCSwiftPackageProductDependency;
			productName = ToolKit;
		};
		9C71A3AA2CB0074800247291 /* MVVMKit */ = {
			isa = XCSwiftPackageProductDependency;
			productName = MVVMKit;
		};
		9C71A3B12CB011D100247291 /* EventList */ = {
			isa = XCSwiftPackageProductDependency;
			productName = EventList;
		};
		9C71A3B62CB33E8600247291 /* Data */ = {
			isa = XCSwiftPackageProductDependency;
			productName = Data;
		};
		9C71A3BB2CB3FF3000247291 /* EventDetail */ = {
			isa = XCSwiftPackageProductDependency;
			productName = EventDetail;
		};
		9C71A3C12CB4423C00247291 /* Basket */ = {
			isa = XCSwiftPackageProductDependency;
			productName = Basket;
		};
/* End XCSwiftPackageProductDependency section */
	};
	rootObject = 9C71A3502CAED30B00247291 /* Project object */;
}
